
Microsoft Visual Studio Solution File, Format Version 12.00
# Visual Studio Version 17
VisualStudioVersion = 17.5.33516.290
MinimumVisualStudioVersion = 10.0.40219.1
Project("{2150E333-8FDC-42A3-9474-1A3956D46DE8}") = "Easy", "Easy", "{72C0F8D7-805E-4F66-BD90-C286D20591F8}"
EndProject
Project("{2150E333-8FDC-42A3-9474-1A3956D46DE8}") = "Medium", "Medium", "{9C7EC6DF-9B9B-4A83-BFAF-39FF2265FCCE}"
EndProject
Project("{2150E333-8FDC-42A3-9474-1A3956D46DE8}") = "Hard", "Hard", "{EB00FEF4-2313-4012-9CEA-9AFBADB3C7DE}"
EndProject
Project("{FAE04EC0-301F-11D3-BF4B-00C04F79EFBC}") = "PatternMatcher", "Hard\PatternMatcher\PatternMatcher.csproj", "{EDC06C46-AF2B-4BA1-88BA-9D98210C7BDE}"
EndProject
Project("{9A19103F-16F7-4668-BE54-9A1E7A4F7556}") = "GroupAnagrams", "Medium\GroupAnagrams\GroupAnagrams.csproj", "{8C9A2521-32D6-457C-B1E7-2176ADF2CA45}"
EndProject
Project("{9A19103F-16F7-4668-BE54-9A1E7A4F7556}") = "LongestPalindromicSubstring", "Medium\LongestPalindromicSubstring\LongestPalindromicSubstring.csproj", "{560FBE1B-FB6E-4C1C-9755-A59A222CD286}"
EndProject
Project("{9A19103F-16F7-4668-BE54-9A1E7A4F7556}") = "MinimumCharactersForWords", "Medium\minimumCharactersForWords\MinimumCharactersForWords.csproj", "{224271C0-0198-476A-A513-62377B0F8681}"
EndProject
Project("{9A19103F-16F7-4668-BE54-9A1E7A4F7556}") = "OneEdit", "Medium\OneEdit\OneEdit.csproj", "{8F03E1FB-5B29-43C0-88DE-7F9D1CD8AD94}"
EndProject
Project("{9A19103F-16F7-4668-BE54-9A1E7A4F7556}") = "ReverseWordsInString", "Medium\ReverseWordsInString\ReverseWordsInString.csproj", "{AED50D34-2FC1-447F-8983-42922B913BB3}"
EndProject
Project("{9A19103F-16F7-4668-BE54-9A1E7A4F7556}") = "ValidIPAddresses2", "Medium\ValidIPAddresses2\ValidIPAddresses2.csproj", "{481E16D1-0CC1-48E6-BB61-3FC1BE221444}"
EndProject
Project("{9A19103F-16F7-4668-BE54-9A1E7A4F7556}") = "CaesarCipherEncryptor", "Easy\CaesarCipherEncryptor\CaesarCipherEncryptor.csproj", "{117C3B18-144E-4C83-91A1-17A81CB84FCE}"
EndProject
Project("{9A19103F-16F7-4668-BE54-9A1E7A4F7556}") = "CommonCharacters", "Easy\CommonCharacters\CommonCharacters.csproj", "{78AD583C-4D3E-49B2-BC9A-51BE124D1DA4}"
EndProject
Project("{9A19103F-16F7-4668-BE54-9A1E7A4F7556}") = "FirstNonRepeatingCharacter", "Easy\FirstNonRepeatingCharacter\FirstNonRepeatingCharacter.csproj", "{60155540-BF54-4368-81FE-A5426B45B523}"
EndProject
Project("{9A19103F-16F7-4668-BE54-9A1E7A4F7556}") = "GenerateDocument", "Easy\GenerateDocument\GenerateDocument.csproj", "{D5473085-97D2-425F-80FA-796D20AE942E}"
EndProject
Project("{9A19103F-16F7-4668-BE54-9A1E7A4F7556}") = "PalindromeCheck", "Easy\PalindromeCheck\PalindromeCheck.csproj", "{59700004-CD61-43D6-B8CD-BAA3BD981211}"
EndProject
Project("{9A19103F-16F7-4668-BE54-9A1E7A4F7556}") = "RunLengthEncoding", "Easy\RunLengthEncoding\RunLengthEncoding.csproj", "{BBE6476B-2CED-444C-BAEC-C5FF3A1D8286}"
EndProject
Global
	GlobalSection(SolutionConfigurationPlatforms) = preSolution
		Debug|Any CPU = Debug|Any CPU
		Release|Any CPU = Release|Any CPU
	EndGlobalSection
	GlobalSection(ProjectConfigurationPlatforms) = postSolution
		{EDC06C46-AF2B-4BA1-88BA-9D98210C7BDE}.Debug|Any CPU.ActiveCfg = Debug|Any CPU
		{EDC06C46-AF2B-4BA1-88BA-9D98210C7BDE}.Debug|Any CPU.Build.0 = Debug|Any CPU
		{EDC06C46-AF2B-4BA1-88BA-9D98210C7BDE}.Release|Any CPU.ActiveCfg = Release|Any CPU
		{EDC06C46-AF2B-4BA1-88BA-9D98210C7BDE}.Release|Any CPU.Build.0 = Release|Any CPU
		{8C9A2521-32D6-457C-B1E7-2176ADF2CA45}.Debug|Any CPU.ActiveCfg = Debug|Any CPU
		{8C9A2521-32D6-457C-B1E7-2176ADF2CA45}.Debug|Any CPU.Build.0 = Debug|Any CPU
		{8C9A2521-32D6-457C-B1E7-2176ADF2CA45}.Release|Any CPU.ActiveCfg = Release|Any CPU
		{8C9A2521-32D6-457C-B1E7-2176ADF2CA45}.Release|Any CPU.Build.0 = Release|Any CPU
		{560FBE1B-FB6E-4C1C-9755-A59A222CD286}.Debug|Any CPU.ActiveCfg = Debug|Any CPU
		{560FBE1B-FB6E-4C1C-9755-A59A222CD286}.Debug|Any CPU.Build.0 = Debug|Any CPU
		{560FBE1B-FB6E-4C1C-9755-A59A222CD286}.Release|Any CPU.ActiveCfg = Release|Any CPU
		{560FBE1B-FB6E-4C1C-9755-A59A222CD286}.Release|Any CPU.Build.0 = Release|Any CPU
		{224271C0-0198-476A-A513-62377B0F8681}.Debug|Any CPU.ActiveCfg = Debug|Any CPU
		{224271C0-0198-476A-A513-62377B0F8681}.Debug|Any CPU.Build.0 = Debug|Any CPU
		{224271C0-0198-476A-A513-62377B0F8681}.Release|Any CPU.ActiveCfg = Release|Any CPU
		{224271C0-0198-476A-A513-62377B0F8681}.Release|Any CPU.Build.0 = Release|Any CPU
		{8F03E1FB-5B29-43C0-88DE-7F9D1CD8AD94}.Debug|Any CPU.ActiveCfg = Debug|Any CPU
		{8F03E1FB-5B29-43C0-88DE-7F9D1CD8AD94}.Debug|Any CPU.Build.0 = Debug|Any CPU
		{8F03E1FB-5B29-43C0-88DE-7F9D1CD8AD94}.Release|Any CPU.ActiveCfg = Release|Any CPU
		{8F03E1FB-5B29-43C0-88DE-7F9D1CD8AD94}.Release|Any CPU.Build.0 = Release|Any CPU
		{AED50D34-2FC1-447F-8983-42922B913BB3}.Debug|Any CPU.ActiveCfg = Debug|Any CPU
		{AED50D34-2FC1-447F-8983-42922B913BB3}.Debug|Any CPU.Build.0 = Debug|Any CPU
		{AED50D34-2FC1-447F-8983-42922B913BB3}.Release|Any CPU.ActiveCfg = Release|Any CPU
		{AED50D34-2FC1-447F-8983-42922B913BB3}.Release|Any CPU.Build.0 = Release|Any CPU
		{481E16D1-0CC1-48E6-BB61-3FC1BE221444}.Debug|Any CPU.ActiveCfg = Debug|Any CPU
		{481E16D1-0CC1-48E6-BB61-3FC1BE221444}.Debug|Any CPU.Build.0 = Debug|Any CPU
		{481E16D1-0CC1-48E6-BB61-3FC1BE221444}.Release|Any CPU.ActiveCfg = Release|Any CPU
		{481E16D1-0CC1-48E6-BB61-3FC1BE221444}.Release|Any CPU.Build.0 = Release|Any CPU
		{117C3B18-144E-4C83-91A1-17A81CB84FCE}.Debug|Any CPU.ActiveCfg = Debug|Any CPU
		{117C3B18-144E-4C83-91A1-17A81CB84FCE}.Debug|Any CPU.Build.0 = Debug|Any CPU
		{117C3B18-144E-4C83-91A1-17A81CB84FCE}.Release|Any CPU.ActiveCfg = Release|Any CPU
		{117C3B18-144E-4C83-91A1-17A81CB84FCE}.Release|Any CPU.Build.0 = Release|Any CPU
		{78AD583C-4D3E-49B2-BC9A-51BE124D1DA4}.Debug|Any CPU.ActiveCfg = Debug|Any CPU
		{78AD583C-4D3E-49B2-BC9A-51BE124D1DA4}.Debug|Any CPU.Build.0 = Debug|Any CPU
		{78AD583C-4D3E-49B2-BC9A-51BE124D1DA4}.Release|Any CPU.ActiveCfg = Release|Any CPU
		{78AD583C-4D3E-49B2-BC9A-51BE124D1DA4}.Release|Any CPU.Build.0 = Release|Any CPU
		{60155540-BF54-4368-81FE-A5426B45B523}.Debug|Any CPU.ActiveCfg = Debug|Any CPU
		{60155540-BF54-4368-81FE-A5426B45B523}.Debug|Any CPU.Build.0 = Debug|Any CPU
		{60155540-BF54-4368-81FE-A5426B45B523}.Release|Any CPU.ActiveCfg = Release|Any CPU
		{60155540-BF54-4368-81FE-A5426B45B523}.Release|Any CPU.Build.0 = Release|Any CPU
		{D5473085-97D2-425F-80FA-796D20AE942E}.Debug|Any CPU.ActiveCfg = Debug|Any CPU
		{D5473085-97D2-425F-80FA-796D20AE942E}.Debug|Any CPU.Build.0 = Debug|Any CPU
		{D5473085-97D2-425F-80FA-796D20AE942E}.Release|Any CPU.ActiveCfg = Release|Any CPU
		{D5473085-97D2-425F-80FA-796D20AE942E}.Release|Any CPU.Build.0 = Release|Any CPU
		{59700004-CD61-43D6-B8CD-BAA3BD981211}.Debug|Any CPU.ActiveCfg = Debug|Any CPU
		{59700004-CD61-43D6-B8CD-BAA3BD981211}.Debug|Any CPU.Build.0 = Debug|Any CPU
		{59700004-CD61-43D6-B8CD-BAA3BD981211}.Release|Any CPU.ActiveCfg = Release|Any CPU
		{59700004-CD61-43D6-B8CD-BAA3BD981211}.Release|Any CPU.Build.0 = Release|Any CPU
		{BBE6476B-2CED-444C-BAEC-C5FF3A1D8286}.Debug|Any CPU.ActiveCfg = Debug|Any CPU
		{BBE6476B-2CED-444C-BAEC-C5FF3A1D8286}.Debug|Any CPU.Build.0 = Debug|Any CPU
		{BBE6476B-2CED-444C-BAEC-C5FF3A1D8286}.Release|Any CPU.ActiveCfg = Release|Any CPU
		{BBE6476B-2CED-444C-BAEC-C5FF3A1D8286}.Release|Any CPU.Build.0 = Release|Any CPU
	EndGlobalSection
	GlobalSection(SolutionProperties) = preSolution
		HideSolutionNode = FALSE
	EndGlobalSection
	GlobalSection(NestedProjects) = preSolution
		{EDC06C46-AF2B-4BA1-88BA-9D98210C7BDE} = {EB00FEF4-2313-4012-9CEA-9AFBADB3C7DE}
		{8C9A2521-32D6-457C-B1E7-2176ADF2CA45} = {9C7EC6DF-9B9B-4A83-BFAF-39FF2265FCCE}
		{560FBE1B-FB6E-4C1C-9755-A59A222CD286} = {9C7EC6DF-9B9B-4A83-BFAF-39FF2265FCCE}
		{224271C0-0198-476A-A513-62377B0F8681} = {9C7EC6DF-9B9B-4A83-BFAF-39FF2265FCCE}
		{8F03E1FB-5B29-43C0-88DE-7F9D1CD8AD94} = {9C7EC6DF-9B9B-4A83-BFAF-39FF2265FCCE}
		{AED50D34-2FC1-447F-8983-42922B913BB3} = {9C7EC6DF-9B9B-4A83-BFAF-39FF2265FCCE}
		{481E16D1-0CC1-48E6-BB61-3FC1BE221444} = {9C7EC6DF-9B9B-4A83-BFAF-39FF2265FCCE}
		{117C3B18-144E-4C83-91A1-17A81CB84FCE} = {72C0F8D7-805E-4F66-BD90-C286D20591F8}
		{78AD583C-4D3E-49B2-BC9A-51BE124D1DA4} = {72C0F8D7-805E-4F66-BD90-C286D20591F8}
		{60155540-BF54-4368-81FE-A5426B45B523} = {72C0F8D7-805E-4F66-BD90-C286D20591F8}
		{D5473085-97D2-425F-80FA-796D20AE942E} = {72C0F8D7-805E-4F66-BD90-C286D20591F8}
		{59700004-CD61-43D6-B8CD-BAA3BD981211} = {72C0F8D7-805E-4F66-BD90-C286D20591F8}
		{BBE6476B-2CED-444C-BAEC-C5FF3A1D8286} = {72C0F8D7-805E-4F66-BD90-C286D20591F8}
	EndGlobalSection
	GlobalSection(ExtensibilityGlobals) = postSolution
		SolutionGuid = {00AFFD5B-13F8-497B-9D4C-15E778900E05}
	EndGlobalSection
EndGlobal
